// !$*UTF8*$!
{
	archiveVersion = 1;
	classes = {
	};
	objectVersion = 51;
	objects = {

/* Begin PBXBuildFile section */
		509889856D41E73B84F5F0AB /* Pods_MessangerApp.framework in Frameworks */ = {isa = PBXBuildFile; fileRef = F881F85AFC8B3E710E9A2B98 /* Pods_MessangerApp.framework */; };
		F89F41EA2568A1D30079FEA1 /* AppDelegate.swift in Sources */ = {isa = PBXBuildFile; fileRef = F89F41E92568A1D30079FEA1 /* AppDelegate.swift */; };
		F89F41EC2568A1D30079FEA1 /* SceneDelegate.swift in Sources */ = {isa = PBXBuildFile; fileRef = F89F41EB2568A1D30079FEA1 /* SceneDelegate.swift */; };
		F89F41F12568A1D30079FEA1 /* Main.storyboard in Resources */ = {isa = PBXBuildFile; fileRef = F89F41EF2568A1D30079FEA1 /* Main.storyboard */; };
		F89F41F32568A1D50079FEA1 /* Assets.xcassets in Resources */ = {isa = PBXBuildFile; fileRef = F89F41F22568A1D50079FEA1 /* Assets.xcassets */; };
		F89F41F62568A1D50079FEA1 /* LaunchScreen.storyboard in Resources */ = {isa = PBXBuildFile; fileRef = F89F41F42568A1D50079FEA1 /* LaunchScreen.storyboard */; };
		F89F42062568A2F90079FEA1 /* ConversationsViewController.swift in Sources */ = {isa = PBXBuildFile; fileRef = F89F42052568A2F90079FEA1 /* ConversationsViewController.swift */; };
		F89F42092568A3AC0079FEA1 /* LoginViewController.swift in Sources */ = {isa = PBXBuildFile; fileRef = F89F42082568A3AC0079FEA1 /* LoginViewController.swift */; };
		F89F420D2568A3CC0079FEA1 /* RegisterViewController.swift in Sources */ = {isa = PBXBuildFile; fileRef = F89F420C2568A3CC0079FEA1 /* RegisterViewController.swift */; };
		F89F42102568A3DD0079FEA1 /* PhotoViewerViewController.swift in Sources */ = {isa = PBXBuildFile; fileRef = F89F420F2568A3DD0079FEA1 /* PhotoViewerViewController.swift */; };
		F89F42132568A3F00079FEA1 /* VideoPlayerViewController.swift in Sources */ = {isa = PBXBuildFile; fileRef = F89F42122568A3F00079FEA1 /* VideoPlayerViewController.swift */; };
		F89F42162568A4120079FEA1 /* NewConversationsViewController.swift in Sources */ = {isa = PBXBuildFile; fileRef = F89F42152568A4120079FEA1 /* NewConversationsViewController.swift */; };
		F89F42192568A42E0079FEA1 /* ProfileViewController.swift in Sources */ = {isa = PBXBuildFile; fileRef = F89F42182568A42E0079FEA1 /* ProfileViewController.swift */; };
		F89F421E2568AA810079FEA1 /* Extensions.swift in Sources */ = {isa = PBXBuildFile; fileRef = F89F421D2568AA810079FEA1 /* Extensions.swift */; };
		F89F4232256B80710079FEA1 /* GoogleService-Info.plist in Resources */ = {isa = PBXBuildFile; fileRef = F89F4231256B80710079FEA1 /* GoogleService-Info.plist */; };
/* End PBXBuildFile section */

/* Begin PBXFileReference section */
		9B84EEFA584903CB0B9AE5F4 /* Pods-MessangerApp.release.xcconfig */ = {isa = PBXFileReference; includeInIndex = 1; lastKnownFileType = text.xcconfig; name = "Pods-MessangerApp.release.xcconfig"; path = "Target Support Files/Pods-MessangerApp/Pods-MessangerApp.release.xcconfig"; sourceTree = "<group>"; };
		C3ABC782EDDC04DF40898589 /* Pods-MessangerApp.debug.xcconfig */ = {isa = PBXFileReference; includeInIndex = 1; lastKnownFileType = text.xcconfig; name = "Pods-MessangerApp.debug.xcconfig"; path = "Target Support Files/Pods-MessangerApp/Pods-MessangerApp.debug.xcconfig"; sourceTree = "<group>"; };
		F881F85AFC8B3E710E9A2B98 /* Pods_MessangerApp.framework */ = {isa = PBXFileReference; explicitFileType = wrapper.framework; includeInIndex = 0; path = Pods_MessangerApp.framework; sourceTree = BUILT_PRODUCTS_DIR; };
		F89F41E62568A1D30079FEA1 /* MessangerApp.app */ = {isa = PBXFileReference; explicitFileType = wrapper.application; includeInIndex = 0; path = MessangerApp.app; sourceTree = BUILT_PRODUCTS_DIR; };
		F89F41E92568A1D30079FEA1 /* AppDelegate.swift */ = {isa = PBXFileReference; lastKnownFileType = sourcecode.swift; path = AppDelegate.swift; sourceTree = "<group>"; };
		F89F41EB2568A1D30079FEA1 /* SceneDelegate.swift */ = {isa = PBXFileReference; lastKnownFileType = sourcecode.swift; path = SceneDelegate.swift; sourceTree = "<group>"; };
		F89F41F02568A1D30079FEA1 /* Base */ = {isa = PBXFileReference; lastKnownFileType = file.storyboard; name = Base; path = Base.lproj/Main.storyboard; sourceTree = "<group>"; };
		F89F41F22568A1D50079FEA1 /* Assets.xcassets */ = {isa = PBXFileReference; lastKnownFileType = folder.assetcatalog; path = Assets.xcassets; sourceTree = "<group>"; };
		F89F41F52568A1D50079FEA1 /* Base */ = {isa = PBXFileReference; lastKnownFileType = file.storyboard; name = Base; path = Base.lproj/LaunchScreen.storyboard; sourceTree = "<group>"; };
		F89F41F72568A1D50079FEA1 /* Info.plist */ = {isa = PBXFileReference; lastKnownFileType = text.plist.xml; path = Info.plist; sourceTree = "<group>"; };
		F89F42052568A2F90079FEA1 /* ConversationsViewController.swift */ = {isa = PBXFileReference; lastKnownFileType = sourcecode.swift; path = ConversationsViewController.swift; sourceTree = "<group>"; };
		F89F42082568A3AC0079FEA1 /* LoginViewController.swift */ = {isa = PBXFileReference; lastKnownFileType = sourcecode.swift; path = LoginViewController.swift; sourceTree = "<group>"; };
		F89F420C2568A3CC0079FEA1 /* RegisterViewController.swift */ = {isa = PBXFileReference; lastKnownFileType = sourcecode.swift; path = RegisterViewController.swift; sourceTree = "<group>"; };
		F89F420F2568A3DD0079FEA1 /* PhotoViewerViewController.swift */ = {isa = PBXFileReference; lastKnownFileType = sourcecode.swift; path = PhotoViewerViewController.swift; sourceTree = "<group>"; };
		F89F42122568A3F00079FEA1 /* VideoPlayerViewController.swift */ = {isa = PBXFileReference; lastKnownFileType = sourcecode.swift; path = VideoPlayerViewController.swift; sourceTree = "<group>"; };
		F89F42152568A4120079FEA1 /* NewConversationsViewController.swift */ = {isa = PBXFileReference; lastKnownFileType = sourcecode.swift; path = NewConversationsViewController.swift; sourceTree = "<group>"; };
		F89F42182568A42E0079FEA1 /* ProfileViewController.swift */ = {isa = PBXFileReference; lastKnownFileType = sourcecode.swift; path = ProfileViewController.swift; sourceTree = "<group>"; };
		F89F421D2568AA810079FEA1 /* Extensions.swift */ = {isa = PBXFileReference; lastKnownFileType = sourcecode.swift; path = Extensions.swift; sourceTree = "<group>"; };
		F89F4231256B80710079FEA1 /* GoogleService-Info.plist */ = {isa = PBXFileReference; fileEncoding = 4; lastKnownFileType = text.plist.xml; path = "GoogleService-Info.plist"; sourceTree = "<group>"; };
/* End PBXFileReference section */

/* Begin PBXFrameworksBuildPhase section */
		F89F41E32568A1D30079FEA1 /* Frameworks */ = {
			isa = PBXFrameworksBuildPhase;
			buildActionMask = 2147483647;
			files = (
				509889856D41E73B84F5F0AB /* Pods_MessangerApp.framework in Frameworks */,
			);
			runOnlyForDeploymentPostprocessing = 0;
		};
/* End PBXFrameworksBuildPhase section */

/* Begin PBXGroup section */
		5DC383C18E7E1EADE6082A87 /* Pods */ = {
			isa = PBXGroup;
			children = (
				C3ABC782EDDC04DF40898589 /* Pods-MessangerApp.debug.xcconfig */,
				9B84EEFA584903CB0B9AE5F4 /* Pods-MessangerApp.release.xcconfig */,
			);
			path = Pods;
			sourceTree = "<group>";
		};
		9E7253D416863DADCB3907C8 /* Frameworks */ = {
			isa = PBXGroup;
			children = (
				F881F85AFC8B3E710E9A2B98 /* Pods_MessangerApp.framework */,
			);
			name = Frameworks;
			sourceTree = "<group>";
		};
		F89F41DD2568A1D30079FEA1 = {
			isa = PBXGroup;
			children = (
				F89F41E82568A1D30079FEA1 /* MessangerApp */,
				F89F41E72568A1D30079FEA1 /* Products */,
				5DC383C18E7E1EADE6082A87 /* Pods */,
				9E7253D416863DADCB3907C8 /* Frameworks */,
			);
			sourceTree = "<group>";
		};
		F89F41E72568A1D30079FEA1 /* Products */ = {
			isa = PBXGroup;
			children = (
				F89F41E62568A1D30079FEA1 /* MessangerApp.app */,
			);
			name = Products;
			sourceTree = "<group>";
		};
		F89F41E82568A1D30079FEA1 /* MessangerApp */ = {
			isa = PBXGroup;
			children = (
				F89F42022568A2670079FEA1 /* Views */,
				F89F42012568A2550079FEA1 /* Models */,
				F89F42002568A24A0079FEA1 /* ViewModels */,
				F89F41FF2568A22C0079FEA1 /* Controllers */,
				F89F41FE2568A2110079FEA1 /* Resources */,
				F89F41F72568A1D50079FEA1 /* Info.plist */,
				F89F4231256B80710079FEA1 /* GoogleService-Info.plist */,
			);
			path = MessangerApp;
			sourceTree = "<group>";
		};
		F89F41FE2568A2110079FEA1 /* Resources */ = {
			isa = PBXGroup;
			children = (
				F89F41E92568A1D30079FEA1 /* AppDelegate.swift */,
				F89F41EB2568A1D30079FEA1 /* SceneDelegate.swift */,
				F89F421D2568AA810079FEA1 /* Extensions.swift */,
			);
			path = Resources;
			sourceTree = "<group>";
		};
		F89F41FF2568A22C0079FEA1 /* Controllers */ = {
			isa = PBXGroup;
			children = (
				F89F42052568A2F90079FEA1 /* ConversationsViewController.swift */,
				F89F421B2568A4D90079FEA1 /* Login */,
				F89F420F2568A3DD0079FEA1 /* PhotoViewerViewController.swift */,
				F89F42122568A3F00079FEA1 /* VideoPlayerViewController.swift */,
				F89F42152568A4120079FEA1 /* NewConversationsViewController.swift */,
				F89F42182568A42E0079FEA1 /* ProfileViewController.swift */,
			);
			path = Controllers;
			sourceTree = "<group>";
		};
		F89F42002568A24A0079FEA1 /* ViewModels */ = {
			isa = PBXGroup;
			children = (
			);
			path = ViewModels;
			sourceTree = "<group>";
		};
		F89F42012568A2550079FEA1 /* Models */ = {
			isa = PBXGroup;
			children = (
			);
			path = Models;
			sourceTree = "<group>";
		};
		F89F42022568A2670079FEA1 /* Views */ = {
			isa = PBXGroup;
			children = (
				F89F42032568A2900079FEA1 /* storyBoards */,
				F89F41F22568A1D50079FEA1 /* Assets.xcassets */,
			);
			path = Views;
			sourceTree = "<group>";
		};
		F89F42032568A2900079FEA1 /* storyBoards */ = {
			isa = PBXGroup;
			children = (
				F89F41EF2568A1D30079FEA1 /* Main.storyboard */,
				F89F41F42568A1D50079FEA1 /* LaunchScreen.storyboard */,
			);
			path = storyBoards;
			sourceTree = "<group>";
		};
		F89F421B2568A4D90079FEA1 /* Login */ = {
			isa = PBXGroup;
			children = (
				F89F42082568A3AC0079FEA1 /* LoginViewController.swift */,
				F89F420C2568A3CC0079FEA1 /* RegisterViewController.swift */,
			);
			path = Login;
			sourceTree = "<group>";
		};
/* End PBXGroup section */

/* Begin PBXNativeTarget section */
		F89F41E52568A1D30079FEA1 /* MessangerApp */ = {
			isa = PBXNativeTarget;
			buildConfigurationList = F89F41FA2568A1D50079FEA1 /* Build configuration list for PBXNativeTarget "MessangerApp" */;
			buildPhases = (
				BD50F35E8E8E5FA9E5B1357D /* [CP] Check Pods Manifest.lock */,
				F89F41E22568A1D30079FEA1 /* Sources */,
				F89F41E32568A1D30079FEA1 /* Frameworks */,
				F89F41E42568A1D30079FEA1 /* Resources */,
				7FE16912A00A24A638CD5AF6 /* [CP] Embed Pods Frameworks */,
			);
			buildRules = (
			);
			dependencies = (
			);
			name = MessangerApp;
			productName = MessangerApp;
			productReference = F89F41E62568A1D30079FEA1 /* MessangerApp.app */;
			productType = "com.apple.product-type.application";
		};
/* End PBXNativeTarget section */

/* Begin PBXProject section */
		F89F41DE2568A1D30079FEA1 /* Project object */ = {
			isa = PBXProject;
			attributes = {
				LastSwiftUpdateCheck = 1220;
				LastUpgradeCheck = 1220;
				TargetAttributes = {
					F89F41E52568A1D30079FEA1 = {
						CreatedOnToolsVersion = 12.2;
					};
				};
			};
			buildConfigurationList = F89F41E12568A1D30079FEA1 /* Build configuration list for PBXProject "MessangerApp" */;
			compatibilityVersion = "Xcode 9.3";
			developmentRegion = en;
			hasScannedForEncodings = 0;
			knownRegions = (
				en,
				Base,
			);
			mainGroup = F89F41DD2568A1D30079FEA1;
			productRefGroup = F89F41E72568A1D30079FEA1 /* Products */;
			projectDirPath = "";
			projectRoot = "";
			targets = (
				F89F41E52568A1D30079FEA1 /* MessangerApp */,
			);
		};
/* End PBXProject section */

/* Begin PBXResourcesBuildPhase section */
		F89F41E42568A1D30079FEA1 /* Resources */ = {
			isa = PBXResourcesBuildPhase;
			buildActionMask = 2147483647;
			files = (
				F89F41F62568A1D50079FEA1 /* LaunchScreen.storyboard in Resources */,
				F89F4232256B80710079FEA1 /* GoogleService-Info.plist in Resources */,
				F89F41F32568A1D50079FEA1 /* Assets.xcassets in Resources */,
				F89F41F12568A1D30079FEA1 /* Main.storyboard in Resources */,
			);
			runOnlyForDeploymentPostprocessing = 0;
		};
/* End PBXResourcesBuildPhase section */

/* Begin PBXShellScriptBuildPhase section */
		7FE16912A00A24A638CD5AF6 /* [CP] Embed Pods Frameworks */ = {
			isa = PBXShellScriptBuildPhase;
			buildActionMask = 2147483647;
			files = (
			);
			inputFileListPaths = (
				"${PODS_ROOT}/Target Support Files/Pods-MessangerApp/Pods-MessangerApp-frameworks-${CONFIGURATION}-input-files.xcfilelist",
			);
			name = "[CP] Embed Pods Frameworks";
			outputFileListPaths = (
				"${PODS_ROOT}/Target Support Files/Pods-MessangerApp/Pods-MessangerApp-frameworks-${CONFIGURATION}-output-files.xcfilelist",
			);
			runOnlyForDeploymentPostprocessing = 0;
			shellPath = /bin/sh;
			shellScript = "\"${PODS_ROOT}/Target Support Files/Pods-MessangerApp/Pods-MessangerApp-frameworks.sh\"\n";
			showEnvVarsInLog = 0;
		};
		BD50F35E8E8E5FA9E5B1357D /* [CP] Check Pods Manifest.lock */ = {
			isa = PBXShellScriptBuildPhase;
			buildActionMask = 2147483647;
			files = (
			);
			inputFileListPaths = (
			);
			inputPaths = (
				"${PODS_PODFILE_DIR_PATH}/Podfile.lock",
				"${PODS_ROOT}/Manifest.lock",
			);
			name = "[CP] Check Pods Manifest.lock";
			outputFileListPaths = (
			);
			outputPaths = (
				"$(DERIVED_FILE_DIR)/Pods-MessangerApp-checkManifestLockResult.txt",
			);
			runOnlyForDeploymentPostprocessing = 0;
			shellPath = /bin/sh;
			shellScript = "diff \"${PODS_PODFILE_DIR_PATH}/Podfile.lock\" \"${PODS_ROOT}/Manifest.lock\" > /dev/null\nif [ $? != 0 ] ; then\n    # print error to STDERR\n    echo \"error: The sandbox is not in sync with the Podfile.lock. Run 'pod install' or update your CocoaPods installation.\" >&2\n    exit 1\nfi\n# This output is used by Xcode 'outputs' to avoid re-running this script phase.\necho \"SUCCESS\" > \"${SCRIPT_OUTPUT_FILE_0}\"\n";
			showEnvVarsInLog = 0;
		};
/* End PBXShellScriptBuildPhase section */

/* Begin PBXSourcesBuildPhase section */
		F89F41E22568A1D30079FEA1 /* Sources */ = {
			isa = PBXSourcesBuildPhase;
			buildActionMask = 2147483647;
			files = (
				F89F42092568A3AC0079FEA1 /* LoginViewController.swift in Sources */,
				F89F420D2568A3CC0079FEA1 /* RegisterViewController.swift in Sources */,
				F89F42062568A2F90079FEA1 /* ConversationsViewController.swift in Sources */,
				F89F42132568A3F00079FEA1 /* VideoPlayerViewController.swift in Sources */,
				F89F41EA2568A1D30079FEA1 /* AppDelegate.swift in Sources */,
				F89F421E2568AA810079FEA1 /* Extensions.swift in Sources */,
				F89F41EC2568A1D30079FEA1 /* SceneDelegate.swift in Sources */,
				F89F42192568A42E0079FEA1 /* ProfileViewController.swift in Sources */,
				F89F42162568A4120079FEA1 /* NewConversationsViewController.swift in Sources */,
				F89F42102568A3DD0079FEA1 /* PhotoViewerViewController.swift in Sources */,
			);
			runOnlyForDeploymentPostprocessing = 0;
		};
/* End PBXSourcesBuildPhase section */

/* Begin PBXVariantGroup section */
		F89F41EF2568A1D30079FEA1 /* Main.storyboard */ = {
			isa = PBXVariantGroup;
			children = (
				F89F41F02568A1D30079FEA1 /* Base */,
			);
			name = Main.storyboard;
			sourceTree = "<group>";
		};
		F89F41F42568A1D50079FEA1 /* LaunchScreen.storyboard */ = {
			isa = PBXVariantGroup;
			children = (
				F89F41F52568A1D50079FEA1 /* Base */,
			);
			name = LaunchScreen.storyboard;
			sourceTree = "<group>";
		};
/* End PBXVariantGroup section */

/* Begin XCBuildConfiguration section */
		F89F41F82568A1D50079FEA1 /* Debug */ = {
			isa = XCBuildConfiguration;
			buildSettings = {
				ALWAYS_SEARCH_USER_PATHS = NO;
				CLANG_ANALYZER_NONNULL = YES;
				CLANG_ANALYZER_NUMBER_OBJECT_CONVERSION = YES_AGGRESSIVE;
				CLANG_CXX_LANGUAGE_STANDARD = "gnu++14";
				CLANG_CXX_LIBRARY = "libc++";
				CLANG_ENABLE_MODULES = YES;
				CLANG_ENABLE_OBJC_ARC = YES;
				CLANG_ENABLE_OBJC_WEAK = YES;
				CLANG_WARN_BLOCK_CAPTURE_AUTORELEASING = YES;
				CLANG_WARN_BOOL_CONVERSION = YES;
				CLANG_WARN_COMMA = YES;
				CLANG_WARN_CONSTANT_CONVERSION = YES;
				CLANG_WARN_DEPRECATED_OBJC_IMPLEMENTATIONS = YES;
				CLANG_WARN_DIRECT_OBJC_ISA_USAGE = YES_ERROR;
				CLANG_WARN_DOCUMENTATION_COMMENTS = YES;
				CLANG_WARN_EMPTY_BODY = YES;
				CLANG_WARN_ENUM_CONVERSION = YES;
				CLANG_WARN_INFINITE_RECURSION = YES;
				CLANG_WARN_INT_CONVERSION = YES;
				CLANG_WARN_NON_LITERAL_NULL_CONVERSION = YES;
				CLANG_WARN_OBJC_IMPLICIT_RETAIN_SELF = YES;
				CLANG_WARN_OBJC_LITERAL_CONVERSION = YES;
				CLANG_WARN_OBJC_ROOT_CLASS = YES_ERROR;
				CLANG_WARN_QUOTED_INCLUDE_IN_FRAMEWORK_HEADER = YES;
				CLANG_WARN_RANGE_LOOP_ANALYSIS = YES;
				CLANG_WARN_STRICT_PROTOTYPES = YES;
				CLANG_WARN_SUSPICIOUS_MOVE = YES;
				CLANG_WARN_UNGUARDED_AVAILABILITY = YES_AGGRESSIVE;
				CLANG_WARN_UNREACHABLE_CODE = YES;
				CLANG_WARN__DUPLICATE_METHOD_MATCH = YES;
				COPY_PHASE_STRIP = NO;
				DEBUG_INFORMATION_FORMAT = dwarf;
				ENABLE_STRICT_OBJC_MSGSEND = YES;
				ENABLE_TESTABILITY = YES;
				GCC_C_LANGUAGE_STANDARD = gnu11;
				GCC_DYNAMIC_NO_PIC = NO;
				GCC_NO_COMMON_BLOCKS = YES;
				GCC_OPTIMIZATION_LEVEL = 0;
				GCC_PREPROCESSOR_DEFINITIONS = (
					"DEBUG=1",
					"$(inherited)",
				);
				GCC_WARN_64_TO_32_BIT_CONVERSION = YES;
				GCC_WARN_ABOUT_RETURN_TYPE = YES_ERROR;
				GCC_WARN_UNDECLARED_SELECTOR = YES;
				GCC_WARN_UNINITIALIZED_AUTOS = YES_AGGRESSIVE;
				GCC_WARN_UNUSED_FUNCTION = YES;
				GCC_WARN_UNUSED_VARIABLE = YES;
				IPHONEOS_DEPLOYMENT_TARGET = 14.2;
				MTL_ENABLE_DEBUG_INFO = INCLUDE_SOURCE;
				MTL_FAST_MATH = YES;
				ONLY_ACTIVE_ARCH = YES;
				SDKROOT = iphoneos;
				SWIFT_ACTIVE_COMPILATION_CONDITIONS = DEBUG;
				SWIFT_OPTIMIZATION_LEVEL = "-Onone";
			};
			name = Debug;
		};
		F89F41F92568A1D50079FEA1 /* Release */ = {
			isa = XCBuildConfiguration;
			buildSettings = {
				ALWAYS_SEARCH_USER_PATHS = NO;
				CLANG_ANALYZER_NONNULL = YES;
				CLANG_ANALYZER_NUMBER_OBJECT_CONVERSION = YES_AGGRESSIVE;
				CLANG_CXX_LANGUAGE_STANDARD = "gnu++14";
				CLANG_CXX_LIBRARY = "libc++";
				CLANG_ENABLE_MODULES = YES;
				CLANG_ENABLE_OBJC_ARC = YES;
				CLANG_ENABLE_OBJC_WEAK = YES;
				CLANG_WARN_BLOCK_CAPTURE_AUTORELEASING = YES;
				CLANG_WARN_BOOL_CONVERSION = YES;
				CLANG_WARN_COMMA = YES;
				CLANG_WARN_CONSTANT_CONVERSION = YES;
				CLANG_WARN_DEPRECATED_OBJC_IMPLEMENTATIONS = YES;
				CLANG_WARN_DIRECT_OBJC_ISA_USAGE = YES_ERROR;
				CLANG_WARN_DOCUMENTATION_COMMENTS = YES;
				CLANG_WARN_EMPTY_BODY = YES;
				CLANG_WARN_ENUM_CONVERSION = YES;
				CLANG_WARN_INFINITE_RECURSION = YES;
				CLANG_WARN_INT_CONVERSION = YES;
				CLANG_WARN_NON_LITERAL_NULL_CONVERSION = YES;
				CLANG_WARN_OBJC_IMPLICIT_RETAIN_SELF = YES;
				CLANG_WARN_OBJC_LITERAL_CONVERSION = YES;
				CLANG_WARN_OBJC_ROOT_CLASS = YES_ERROR;
				CLANG_WARN_QUOTED_INCLUDE_IN_FRAMEWORK_HEADER = YES;
				CLANG_WARN_RANGE_LOOP_ANALYSIS = YES;
				CLANG_WARN_STRICT_PROTOTYPES = YES;
				CLANG_WARN_SUSPICIOUS_MOVE = YES;
				CLANG_WARN_UNGUARDED_AVAILABILITY = YES_AGGRESSIVE;
				CLANG_WARN_UNREACHABLE_CODE = YES;
				CLANG_WARN__DUPLICATE_METHOD_MATCH = YES;
				COPY_PHASE_STRIP = NO;
				DEBUG_INFORMATION_FORMAT = "dwarf-with-dsym";
				ENABLE_NS_ASSERTIONS = NO;
				ENABLE_STRICT_OBJC_MSGSEND = YES;
				GCC_C_LANGUAGE_STANDARD = gnu11;
				GCC_NO_COMMON_BLOCKS = YES;
				GCC_WARN_64_TO_32_BIT_CONVERSION = YES;
				GCC_WARN_ABOUT_RETURN_TYPE = YES_ERROR;
				GCC_WARN_UNDECLARED_SELECTOR = YES;
				GCC_WARN_UNINITIALIZED_AUTOS = YES_AGGRESSIVE;
				GCC_WARN_UNUSED_FUNCTION = YES;
				GCC_WARN_UNUSED_VARIABLE = YES;
				IPHONEOS_DEPLOYMENT_TARGET = 14.2;
				MTL_ENABLE_DEBUG_INFO = NO;
				MTL_FAST_MATH = YES;
				SDKROOT = iphoneos;
				SWIFT_COMPILATION_MODE = wholemodule;
				SWIFT_OPTIMIZATION_LEVEL = "-O";
				VALIDATE_PRODUCT = YES;
			};
			name = Release;
		};
		F89F41FB2568A1D50079FEA1 /* Debug */ = {
			isa = XCBuildConfiguration;
			baseConfigurationReference = C3ABC782EDDC04DF40898589 /* Pods-MessangerApp.debug.xcconfig */;
			buildSettings = {
				ASSETCATALOG_COMPILER_APPICON_NAME = AppIcon;
				ASSETCATALOG_COMPILER_GLOBAL_ACCENT_COLOR_NAME = AccentColor;
				CODE_SIGN_STYLE = Automatic;
				DEVELOPMENT_TEAM = GBKPZ52HJ9;
				INFOPLIST_FILE = MessangerApp/Info.plist;
				LD_RUNPATH_SEARCH_PATHS = (
					"$(inherited)",
					"@executable_path/Frameworks",
				);
				PRODUCT_BUNDLE_IDENTIFIER = takuAPP.MessangerApp;
				PRODUCT_NAME = "$(TARGET_NAME)";
				SWIFT_VERSION = 5.0;
				TARGETED_DEVICE_FAMILY = "1,2";
			};
			name = Debug;
		};
		F89F41FC2568A1D50079FEA1 /* Release */ = {
			isa = XCBuildConfiguration;
			baseConfigurationReference = 9B84EEFA584903CB0B9AE5F4 /* Pods-MessangerApp.release.xcconfig */;
			buildSettings = {
				ASSETCATALOG_COMPILER_APPICON_NAME = AppIcon;
				ASSETCATALOG_COMPILER_GLOBAL_ACCENT_COLOR_NAME = AccentColor;
				CODE_SIGN_STYLE = Automatic;
				DEVELOPMENT_TEAM = GBKPZ52HJ9;
				INFOPLIST_FILE = MessangerApp/Info.plist;
				LD_RUNPATH_SEARCH_PATHS = (
					"$(inherited)",
					"@executable_path/Frameworks",
				);
				PRODUCT_BUNDLE_IDENTIFIER = takuAPP.MessangerApp;
				PRODUCT_NAME = "$(TARGET_NAME)";
				SWIFT_VERSION = 5.0;
				TARGETED_DEVICE_FAMILY = "1,2";
			};
			name = Release;
		};
/* End XCBuildConfiguration section */

/* Begin XCConfigurationList section */
		F89F41E12568A1D30079FEA1 /* Build configuration list for PBXProject "MessangerApp" */ = {
			isa = XCConfigurationList;
			buildConfigurations = (
				F89F41F82568A1D50079FEA1 /* Debug */,
				F89F41F92568A1D50079FEA1 /* Release */,
			);
			defaultConfigurationIsVisible = 0;
			defaultConfigurationName = Release;
		};
		F89F41FA2568A1D50079FEA1 /* Build configuration list for PBXNativeTarget "MessangerApp" */ = {
			isa = XCConfigurationList;
			buildConfigurations = (
				F89F41FB2568A1D50079FEA1 /* Debug */,
				F89F41FC2568A1D50079FEA1 /* Release */,
			);
			defaultConfigurationIsVisible = 0;
			defaultConfigurationName = Release;
		};
/* End XCConfigurationList section */
	};
	rootObject = F89F41DE2568A1D30079FEA1 /* Project object */;
}
